
Microsoft Visual Studio Solution File, Format Version 12.00
# Visual Studio Version 16
VisualStudioVersion = 16.0.35931.194
MinimumVisualStudioVersion = 10.0.40219.1
Project("{FAE04EC0-301F-11D3-BF4B-00C04F79EFBC}") = "DILG", "DILG\DILG.csproj", "{F69D2AC7-F8B2-4A53-9A8C-2D61FB2B44D3}"
EndProject
Global
	GlobalSection(SolutionConfigurationPlatforms) = preSolution
		Debug|Any CPU = Debug|Any CPU
		Release|Any CPU = Release|Any CPU
	EndGlobalSection
	GlobalSection(ProjectConfigurationPlatforms) = postSolution
		{F69D2AC7-F8B2-4A53-9A8C-2D61FB2B44D3}.Debug|Any CPU.ActiveCfg = Debug|Any CPU
		{F69D2AC7-F8B2-4A53-9A8C-2D61FB2B44D3}.Debug|Any CPU.Build.0 = Debug|Any CPU
		{F69D2AC7-F8B2-4A53-9A8C-2D61FB2B44D3}.Release|Any CPU.ActiveCfg = Release|Any CPU
		{F69D2AC7-F8B2-4A53-9A8C-2D61FB2B44D3}.Release|Any CPU.Build.0 = Release|Any CPU
	EndGlobalSection
	GlobalSection(SolutionProperties) = preSolution
		HideSolutionNode = FALSE
	EndGlobalSection
	GlobalSection(ExtensibilityGlobals) = postSolution
		SolutionGuid = {865FBB5D-1B3F-4940-96DA-B49BD786040A}
	EndGlobalSection
EndGlobal
